
Microsoft Visual Studio Solution File, Format Version 12.00
# Visual Studio Version 17
VisualStudioVersion = 17.8.34330.188
MinimumVisualStudioVersion = 10.0.40219.1
Project("{9A19103F-16F7-4668-BE54-9A1E7A4F7556}") = "Profile", "Profile\Profile.csproj", "{A9A8B916-C85C-434E-AECC-34E4EFFF51D2}"
EndProject
Project("{9A19103F-16F7-4668-BE54-9A1E7A4F7556}") = "Builder", "Builder\Builder.csproj", "{FB8F55AE-E0F4-4041-8064-92402CE4DCAE}"
EndProject
Global
	GlobalSection(SolutionConfigurationPlatforms) = preSolution
		Debug|Any CPU = Debug|Any CPU
		Release|Any CPU = Release|Any CPU
	EndGlobalSection
	GlobalSection(ProjectConfigurationPlatforms) = postSolution
		{A9A8B916-C85C-434E-AECC-34E4EFFF51D2}.Debug|Any CPU.ActiveCfg = Debug|Any CPU
		{A9A8B916-C85C-434E-AECC-34E4EFFF51D2}.Debug|Any CPU.Build.0 = Debug|Any CPU
		{A9A8B916-C85C-434E-AECC-34E4EFFF51D2}.Release|Any CPU.ActiveCfg = Release|Any CPU
		{A9A8B916-C85C-434E-AECC-34E4EFFF51D2}.Release|Any CPU.Build.0 = Release|Any CPU
		{FB8F55AE-E0F4-4041-8064-92402CE4DCAE}.Debug|Any CPU.ActiveCfg = Debug|Any CPU
		{FB8F55AE-E0F4-4041-8064-92402CE4DCAE}.Debug|Any CPU.Build.0 = Debug|Any CPU
		{FB8F55AE-E0F4-4041-8064-92402CE4DCAE}.Release|Any CPU.ActiveCfg = Release|Any CPU
		{FB8F55AE-E0F4-4041-8064-92402CE4DCAE}.Release|Any CPU.Build.0 = Release|Any CPU
	EndGlobalSection
	GlobalSection(SolutionProperties) = preSolution
		HideSolutionNode = FALSE
	EndGlobalSection
	GlobalSection(ExtensibilityGlobals) = postSolution
		SolutionGuid = {ECB76F8D-61A5-4C10-B848-A75AA60B8E74}
	EndGlobalSection
EndGlobal
